# This file is automatically @generated by Cargo.
# It is not intended for manual editing.
version = 3

[[package]]
name = "bench"
version = "0.1.0"

[[package]]
name = "differential"
version = "0.1.0"

[[package]]
name = "entropy-timer"
version = "0.1.0"

[[package]]
name = "footprint"
version = "0.1.0"

[[package]]
name = "qpp-rng-iot"
version = "0.1.0"

[[package]]
name = "qpp-rng-reference"
version = "0.1.0"

[[package]]
name = "report"
version = "0.1.0"

[[package]]
name = "rng-core"
version = "0.1.0"

[[package]]
name = "stats"
version = "0.1.0"
